
Microsoft Visual Studio Solution File, Format Version 12.00
Project("{FAE04EC0-301F-11D3-BF4B-00C04F79EFBC}") = "SnakeGame", "SnakeGame\SnakeGame.csproj", "{78AE890E-93A5-4D5C-8841-D37BF8080F6C}"
EndProject
Global
	GlobalSection(SolutionConfigurationPlatforms) = preSolution
		Debug|Any CPU = Debug|Any CPU
		Release|Any CPU = Release|Any CPU
	EndGlobalSection
	GlobalSection(ProjectConfigurationPlatforms) = postSolution
		{78AE890E-93A5-4D5C-8841-D37BF8080F6C}.Debug|Any CPU.ActiveCfg = Debug|Any CPU
		{78AE890E-93A5-4D5C-8841-D37BF8080F6C}.Debug|Any CPU.Build.0 = Debug|Any CPU
		{78AE890E-93A5-4D5C-8841-D37BF8080F6C}.Release|Any CPU.ActiveCfg = Release|Any CPU
		{78AE890E-93A5-4D5C-8841-D37BF8080F6C}.Release|Any CPU.Build.0 = Release|Any CPU
	EndGlobalSection
EndGlobal
